
Microsoft Visual Studio Solution File, Format Version 12.00
# Visual Studio Version 17
VisualStudioVersion = 17.14.37012.4
MinimumVisualStudioVersion = 10.0.40219.1
Project("{FAE04EC0-301F-11D3-BF4B-00C04F79EFBC}") = "BibliotecaApp", "BibliotecaApp\BibliotecaApp.csproj", "{20C63A2B-F354-4EEF-B2F2-715EC6CB89D0}"
EndProject
Project("{FAE04EC0-301F-11D3-BF4B-00C04F79EFBC}") = "LibrarieModele", "LibrarieModele\LibrarieModele.csproj", "{681B6494-2B9B-48B3-8126-F6609DECE6F2}"
EndProject
Project("{FAE04EC0-301F-11D3-BF4B-00C04F79EFBC}") = "GestiuneBiblioteca", "GestiuneBiblioteca\GestiuneBiblioteca.csproj", "{FE9913C6-5BF6-48D9-9682-AD5EB8C3B5BF}"
EndProject
Global
	GlobalSection(SolutionConfigurationPlatforms) = preSolution
		Debug|Any CPU = Debug|Any CPU
		Release|Any CPU = Release|Any CPU
	EndGlobalSection
	GlobalSection(ProjectConfigurationPlatforms) = postSolution
		{20C63A2B-F354-4EEF-B2F2-715EC6CB89D0}.Debug|Any CPU.ActiveCfg = Debug|Any CPU
		{20C63A2B-F354-4EEF-B2F2-715EC6CB89D0}.Debug|Any CPU.Build.0 = Debug|Any CPU
		{20C63A2B-F354-4EEF-B2F2-715EC6CB89D0}.Release|Any CPU.ActiveCfg = Release|Any CPU
		{20C63A2B-F354-4EEF-B2F2-715EC6CB89D0}.Release|Any CPU.Build.0 = Release|Any CPU
		{681B6494-2B9B-48B3-8126-F6609DECE6F2}.Debug|Any CPU.ActiveCfg = Debug|Any CPU
		{681B6494-2B9B-48B3-8126-F6609DECE6F2}.Debug|Any CPU.Build.0 = Debug|Any CPU
		{681B6494-2B9B-48B3-8126-F6609DECE6F2}.Release|Any CPU.ActiveCfg = Release|Any CPU
		{681B6494-2B9B-48B3-8126-F6609DECE6F2}.Release|Any CPU.Build.0 = Release|Any CPU
		{FE9913C6-5BF6-48D9-9682-AD5EB8C3B5BF}.Debug|Any CPU.ActiveCfg = Debug|Any CPU
		{FE9913C6-5BF6-48D9-9682-AD5EB8C3B5BF}.Debug|Any CPU.Build.0 = Debug|Any CPU
		{FE9913C6-5BF6-48D9-9682-AD5EB8C3B5BF}.Release|Any CPU.ActiveCfg = Release|Any CPU
		{FE9913C6-5BF6-48D9-9682-AD5EB8C3B5BF}.Release|Any CPU.Build.0 = Release|Any CPU
	EndGlobalSection
	GlobalSection(SolutionProperties) = preSolution
		HideSolutionNode = FALSE
	EndGlobalSection
	GlobalSection(ExtensibilityGlobals) = postSolution
		SolutionGuid = {BDD298CE-2ACC-43EE-A648-FAA2D67EFE82}
	EndGlobalSection
EndGlobal
